
Microsoft Visual Studio Solution File, Format Version 12.00
# Visual Studio Version 17
VisualStudioVersion = 17.4.33205.214
MinimumVisualStudioVersion = 10.0.40219.1
Project("{FAE04EC0-301F-11D3-BF4B-00C04F79EFBC}") = "Ado.Net_Relationships", "Ado.Net_Relationships\Ado.Net_Relationships.csproj", "{44661E0D-0253-4F31-9B7E-B96E6AA516DB}"
EndProject
Global
	GlobalSection(SolutionConfigurationPlatforms) = preSolution
		Debug|Any CPU = Debug|Any CPU
		Release|Any CPU = Release|Any CPU
	EndGlobalSection
	GlobalSection(ProjectConfigurationPlatforms) = postSolution
		{44661E0D-0253-4F31-9B7E-B96E6AA516DB}.Debug|Any CPU.ActiveCfg = Debug|Any CPU
		{44661E0D-0253-4F31-9B7E-B96E6AA516DB}.Debug|Any CPU.Build.0 = Debug|Any CPU
		{44661E0D-0253-4F31-9B7E-B96E6AA516DB}.Release|Any CPU.ActiveCfg = Release|Any CPU
		{44661E0D-0253-4F31-9B7E-B96E6AA516DB}.Release|Any CPU.Build.0 = Release|Any CPU
	EndGlobalSection
	GlobalSection(SolutionProperties) = preSolution
		HideSolutionNode = FALSE
	EndGlobalSection
	GlobalSection(ExtensibilityGlobals) = postSolution
		SolutionGuid = {57F38655-847F-49DB-81B9-DEB30FC82525}
	EndGlobalSection
EndGlobal
